
Microsoft Visual Studio Solution File, Format Version 12.00
# Visual Studio Version 16
VisualStudioVersion = 16.0.30011.22
MinimumVisualStudioVersion = 10.0.40219.1
Project("{FAE04EC0-301F-11D3-BF4B-00C04F79EFBC}") = "OOP_Lab11", "OOP_Lab11.csproj", "{ACC84AD4-EB5B-44FC-9569-B71BB4041955}"
EndProject
Global
	GlobalSection(SolutionConfigurationPlatforms) = preSolution
		Debug|Any CPU = Debug|Any CPU
		Release|Any CPU = Release|Any CPU
	EndGlobalSection
	GlobalSection(ProjectConfigurationPlatforms) = postSolution
		{ACC84AD4-EB5B-44FC-9569-B71BB4041955}.Debug|Any CPU.ActiveCfg = Debug|Any CPU
		{ACC84AD4-EB5B-44FC-9569-B71BB4041955}.Debug|Any CPU.Build.0 = Debug|Any CPU
		{ACC84AD4-EB5B-44FC-9569-B71BB4041955}.Release|Any CPU.ActiveCfg = Release|Any CPU
		{ACC84AD4-EB5B-44FC-9569-B71BB4041955}.Release|Any CPU.Build.0 = Release|Any CPU
	EndGlobalSection
	GlobalSection(SolutionProperties) = preSolution
		HideSolutionNode = FALSE
	EndGlobalSection
	GlobalSection(ExtensibilityGlobals) = postSolution
		SolutionGuid = {8C55ED5C-9099-44BE-968E-985270D7839E}
	EndGlobalSection
EndGlobal
