
Microsoft Visual Studio Solution File, Format Version 12.00
# Visual Studio Version 16
VisualStudioVersion = 16.0.30011.22
MinimumVisualStudioVersion = 10.0.40219.1
Project("{FAE04EC0-301F-11D3-BF4B-00C04F79EFBC}") = "OOP_Lab8", "OOP_Lab8.csproj", "{9B949676-F8C5-4404-A941-B2D3D650F4E5}"
EndProject
Global
	GlobalSection(SolutionConfigurationPlatforms) = preSolution
		Debug|Any CPU = Debug|Any CPU
		Release|Any CPU = Release|Any CPU
	EndGlobalSection
	GlobalSection(ProjectConfigurationPlatforms) = postSolution
		{9B949676-F8C5-4404-A941-B2D3D650F4E5}.Debug|Any CPU.ActiveCfg = Debug|Any CPU
		{9B949676-F8C5-4404-A941-B2D3D650F4E5}.Debug|Any CPU.Build.0 = Debug|Any CPU
		{9B949676-F8C5-4404-A941-B2D3D650F4E5}.Release|Any CPU.ActiveCfg = Release|Any CPU
		{9B949676-F8C5-4404-A941-B2D3D650F4E5}.Release|Any CPU.Build.0 = Release|Any CPU
	EndGlobalSection
	GlobalSection(SolutionProperties) = preSolution
		HideSolutionNode = FALSE
	EndGlobalSection
	GlobalSection(ExtensibilityGlobals) = postSolution
		SolutionGuid = {B9E21CDF-3DD0-4568-BBA8-B8AB74C8604B}
	EndGlobalSection
EndGlobal
