
Microsoft Visual Studio Solution File, Format Version 12.00
# Visual Studio Version 16
VisualStudioVersion = 16.0.30011.22
MinimumVisualStudioVersion = 10.0.40219.1
Project("{FAE04EC0-301F-11D3-BF4B-00C04F79EFBC}") = "OOP_Lab15", "OOP_Lab15.csproj", "{5283548C-8FB1-4E43-AA7F-C3851EDA0B28}"
EndProject
Global
	GlobalSection(SolutionConfigurationPlatforms) = preSolution
		Debug|Any CPU = Debug|Any CPU
		Release|Any CPU = Release|Any CPU
	EndGlobalSection
	GlobalSection(ProjectConfigurationPlatforms) = postSolution
		{5283548C-8FB1-4E43-AA7F-C3851EDA0B28}.Debug|Any CPU.ActiveCfg = Debug|Any CPU
		{5283548C-8FB1-4E43-AA7F-C3851EDA0B28}.Debug|Any CPU.Build.0 = Debug|Any CPU
		{5283548C-8FB1-4E43-AA7F-C3851EDA0B28}.Release|Any CPU.ActiveCfg = Release|Any CPU
		{5283548C-8FB1-4E43-AA7F-C3851EDA0B28}.Release|Any CPU.Build.0 = Release|Any CPU
	EndGlobalSection
	GlobalSection(SolutionProperties) = preSolution
		HideSolutionNode = FALSE
	EndGlobalSection
	GlobalSection(ExtensibilityGlobals) = postSolution
		SolutionGuid = {AAC56BE3-B079-4214-B2BD-6146B58FFA7A}
	EndGlobalSection
EndGlobal
